// !$*UTF8*$!
{
	archiveVersion = 1;
	classes = {
	};
	objectVersion = 46;
	objects = {

/* Begin PBXBuildFile section */
		31E01D9D1E06B4E4009E3AA3 /* AppDelegate.swift in Sources */ = {isa = PBXBuildFile; fileRef = 31E01D9C1E06B4E4009E3AA3 /* AppDelegate.swift */; };
		31E01D9F1E06B4E4009E3AA3 /* ViewController.swift in Sources */ = {isa = PBXBuildFile; fileRef = 31E01D9E1E06B4E4009E3AA3 /* ViewController.swift */; };
		31E01DA21E06B4E4009E3AA3 /* Main.storyboard in Resources */ = {isa = PBXBuildFile; fileRef = 31E01DA01E06B4E4009E3AA3 /* Main.storyboard */; };
		31E01DA41E06B4E4009E3AA3 /* Assets.xcassets in Resources */ = {isa = PBXBuildFile; fileRef = 31E01DA31E06B4E4009E3AA3 /* Assets.xcassets */; };
		31E01DA71E06B4E4009E3AA3 /* LaunchScreen.storyboard in Resources */ = {isa = PBXBuildFile; fileRef = 31E01DA51E06B4E4009E3AA3 /* LaunchScreen.storyboard */; };
		31E01DAF1E06E252009E3AA3 /* RealmModel.swift in Sources */ = {isa = PBXBuildFile; fileRef = 31E01DAE1E06E252009E3AA3 /* RealmModel.swift */; };
		EAED4EB46F93F9F73D316039 /* Pods_RealmSample.framework in Frameworks */ = {isa = PBXBuildFile; fileRef = D92E332CBAB9F9B4F45E11CD /* Pods_RealmSample.framework */; };
/* End PBXBuildFile section */

/* Begin PBXFileReference section */
		31E01D991E06B4E4009E3AA3 /* RealmSample.app */ = {isa = PBXFileReference; explicitFileType = wrapper.application; includeInIndex = 0; path = RealmSample.app; sourceTree = BUILT_PRODUCTS_DIR; };
		31E01D9C1E06B4E4009E3AA3 /* AppDelegate.swift */ = {isa = PBXFileReference; lastKnownFileType = sourcecode.swift; path = AppDelegate.swift; sourceTree = "<group>"; };
		31E01D9E1E06B4E4009E3AA3 /* ViewController.swift */ = {isa = PBXFileReference; lastKnownFileType = sourcecode.swift; path = ViewController.swift; sourceTree = "<group>"; };
		31E01DA11E06B4E4009E3AA3 /* Base */ = {isa = PBXFileReference; lastKnownFileType = file.storyboard; name = Base; path = Base.lproj/Main.storyboard; sourceTree = "<group>"; };
		31E01DA31E06B4E4009E3AA3 /* Assets.xcassets */ = {isa = PBXFileReference; lastKnownFileType = folder.assetcatalog; path = Assets.xcassets; sourceTree = "<group>"; };
		31E01DA61E06B4E4009E3AA3 /* Base */ = {isa = PBXFileReference; lastKnownFileType = file.storyboard; name = Base; path = Base.lproj/LaunchScreen.storyboard; sourceTree = "<group>"; };
		31E01DA81E06B4E4009E3AA3 /* Info.plist */ = {isa = PBXFileReference; lastKnownFileType = text.plist.xml; path = Info.plist; sourceTree = "<group>"; };
		31E01DAE1E06E252009E3AA3 /* RealmModel.swift */ = {isa = PBXFileReference; fileEncoding = 4; lastKnownFileType = sourcecode.swift; path = RealmModel.swift; sourceTree = "<group>"; };
		35241CA3ED2BEA54F94039E2 /* Pods-RealmSample.release.xcconfig */ = {isa = PBXFileReference; includeInIndex = 1; lastKnownFileType = text.xcconfig; name = "Pods-RealmSample.release.xcconfig"; path = "Pods/Target Support Files/Pods-RealmSample/Pods-RealmSample.release.xcconfig"; sourceTree = "<group>"; };
		5690005F0F37A72A7D1CFDA6 /* Pods-RealmSample.debug.xcconfig */ = {isa = PBXFileReference; includeInIndex = 1; lastKnownFileType = text.xcconfig; name = "Pods-RealmSample.debug.xcconfig"; path = "Pods/Target Support Files/Pods-RealmSample/Pods-RealmSample.debug.xcconfig"; sourceTree = "<group>"; };
		D92E332CBAB9F9B4F45E11CD /* Pods_RealmSample.framework */ = {isa = PBXFileReference; explicitFileType = wrapper.framework; includeInIndex = 0; path = Pods_RealmSample.framework; sourceTree = BUILT_PRODUCTS_DIR; };
/* End PBXFileReference section */

/* Begin PBXFrameworksBuildPhase section */
		31E01D961E06B4E4009E3AA3 /* Frameworks */ = {
			isa = PBXFrameworksBuildPhase;
			buildActionMask = 2147483647;
			files = (
				EAED4EB46F93F9F73D316039 /* Pods_RealmSample.framework in Frameworks */,
			);
			runOnlyForDeploymentPostprocessing = 0;
		};
/* End PBXFrameworksBuildPhase section */

/* Begin PBXGroup section */
		31E01D901E06B4E4009E3AA3 = {
			isa = PBXGroup;
			children = (
				31E01D9B1E06B4E4009E3AA3 /* RealmSample */,
				31E01D9A1E06B4E4009E3AA3 /* Products */,
				A72901843F4D7E3969221386 /* Pods */,
				65E5B02AD812F2B1154597A0 /* Frameworks */,
			);
			sourceTree = "<group>";
		};
		31E01D9A1E06B4E4009E3AA3 /* Products */ = {
			isa = PBXGroup;
			children = (
				31E01D991E06B4E4009E3AA3 /* RealmSample.app */,
			);
			name = Products;
			sourceTree = "<group>";
		};
		31E01D9B1E06B4E4009E3AA3 /* RealmSample */ = {
			isa = PBXGroup;
			children = (
				31E01D9C1E06B4E4009E3AA3 /* AppDelegate.swift */,
				31E01D9E1E06B4E4009E3AA3 /* ViewController.swift */,
				31E01DA01E06B4E4009E3AA3 /* Main.storyboard */,
				31E01DA31E06B4E4009E3AA3 /* Assets.xcassets */,
				31E01DA51E06B4E4009E3AA3 /* LaunchScreen.storyboard */,
				31E01DA81E06B4E4009E3AA3 /* Info.plist */,
				31E01DAE1E06E252009E3AA3 /* RealmModel.swift */,
			);
			path = RealmSample;
			sourceTree = "<group>";
		};
		65E5B02AD812F2B1154597A0 /* Frameworks */ = {
			isa = PBXGroup;
			children = (
				D92E332CBAB9F9B4F45E11CD /* Pods_RealmSample.framework */,
			);
			name = Frameworks;
			sourceTree = "<group>";
		};
		A72901843F4D7E3969221386 /* Pods */ = {
			isa = PBXGroup;
			children = (
				5690005F0F37A72A7D1CFDA6 /* Pods-RealmSample.debug.xcconfig */,
				35241CA3ED2BEA54F94039E2 /* Pods-RealmSample.release.xcconfig */,
			);
			name = Pods;
			sourceTree = "<group>";
		};
/* End PBXGroup section */

/* Begin PBXNativeTarget section */
		31E01D981E06B4E4009E3AA3 /* RealmSample */ = {
			isa = PBXNativeTarget;
			buildConfigurationList = 31E01DAB1E06B4E4009E3AA3 /* Build configuration list for PBXNativeTarget "RealmSample" */;
			buildPhases = (
				93AD1869580948D0E1E1F5AE /* [CP] Check Pods Manifest.lock */,
				31E01D951E06B4E4009E3AA3 /* Sources */,
				31E01D961E06B4E4009E3AA3 /* Frameworks */,
				31E01D971E06B4E4009E3AA3 /* Resources */,
				1657EFFF61969F24FE57E924 /* [CP] Embed Pods Frameworks */,
				50F8DEF671D0AE46B19405C0 /* [CP] Copy Pods Resources */,
			);
			buildRules = (
			);
			dependencies = (
			);
			name = RealmSample;
			productName = RealmSample;
			productReference = 31E01D991E06B4E4009E3AA3 /* RealmSample.app */;
			productType = "com.apple.product-type.application";
		};
/* End PBXNativeTarget section */

/* Begin PBXProject section */
		31E01D911E06B4E4009E3AA3 /* Project object */ = {
			isa = PBXProject;
			attributes = {
				LastSwiftUpdateCheck = 0800;
				LastUpgradeCheck = 0800;
				ORGANIZATIONNAME = Luke;
				TargetAttributes = {
					31E01D981E06B4E4009E3AA3 = {
						CreatedOnToolsVersion = 8.0;
						DevelopmentTeam = E7QTFM5U8V;
						ProvisioningStyle = Automatic;
					};
				};
			};
			buildConfigurationList = 31E01D941E06B4E4009E3AA3 /* Build configuration list for PBXProject "RealmSample" */;
			compatibilityVersion = "Xcode 3.2";
			developmentRegion = English;
			hasScannedForEncodings = 0;
			knownRegions = (
				en,
				Base,
			);
			mainGroup = 31E01D901E06B4E4009E3AA3;
			productRefGroup = 31E01D9A1E06B4E4009E3AA3 /* Products */;
			projectDirPath = "";
			projectRoot = "";
			targets = (
				31E01D981E06B4E4009E3AA3 /* RealmSample */,
			);
		};
/* End PBXProject section */

/* Begin PBXResourcesBuildPhase section */
		31E01D971E06B4E4009E3AA3 /* Resources */ = {
			isa = PBXResourcesBuildPhase;
			buildActionMask = 2147483647;
			files = (
				31E01DA71E06B4E4009E3AA3 /* LaunchScreen.storyboard in Resources */,
				31E01DA41E06B4E4009E3AA3 /* Assets.xcassets in Resources */,
				31E01DA21E06B4E4009E3AA3 /* Main.storyboard in Resources */,
			);
			runOnlyForDeploymentPostprocessing = 0;
		};
/* End PBXResourcesBuildPhase section */

/* Begin PBXShellScriptBuildPhase section */
		1657EFFF61969F24FE57E924 /* [CP] Embed Pods Frameworks */ = {
			isa = PBXShellScriptBuildPhase;
			buildActionMask = 2147483647;
			files = (
			);
			inputPaths = (
			);
			name = "[CP] Embed Pods Frameworks";
			outputPaths = (
			);
			runOnlyForDeploymentPostprocessing = 0;
			shellPath = /bin/sh;
			shellScript = "\"${SRCROOT}/Pods/Target Support Files/Pods-RealmSample/Pods-RealmSample-frameworks.sh\"\n";
			showEnvVarsInLog = 0;
		};
		50F8DEF671D0AE46B19405C0 /* [CP] Copy Pods Resources */ = {
			isa = PBXShellScriptBuildPhase;
			buildActionMask = 2147483647;
			files = (
			);
			inputPaths = (
			);
			name = "[CP] Copy Pods Resources";
			outputPaths = (
			);
			runOnlyForDeploymentPostprocessing = 0;
			shellPath = /bin/sh;
			shellScript = "\"${SRCROOT}/Pods/Target Support Files/Pods-RealmSample/Pods-RealmSample-resources.sh\"\n";
			showEnvVarsInLog = 0;
		};
		93AD1869580948D0E1E1F5AE /* [CP] Check Pods Manifest.lock */ = {
			isa = PBXShellScriptBuildPhase;
			buildActionMask = 2147483647;
			files = (
			);
			inputPaths = (
			);
			name = "[CP] Check Pods Manifest.lock";
			outputPaths = (
			);
			runOnlyForDeploymentPostprocessing = 0;
			shellPath = /bin/sh;
			shellScript = "diff \"${PODS_ROOT}/../Podfile.lock\" \"${PODS_ROOT}/Manifest.lock\" > /dev/null\nif [ $? != 0 ] ; then\n    # print error to STDERR\n    echo \"error: The sandbox is not in sync with the Podfile.lock. Run 'pod install' or update your CocoaPods installation.\" >&2\n    exit 1\nfi\n";
			showEnvVarsInLog = 0;
		};
/* End PBXShellScriptBuildPhase section */

/* Begin PBXSourcesBuildPhase section */
		31E01D951E06B4E4009E3AA3 /* Sources */ = {
			isa = PBXSourcesBuildPhase;
			buildActionMask = 2147483647;
			files = (
				31E01D9F1E06B4E4009E3AA3 /* ViewController.swift in Sources */,
				31E01DAF1E06E252009E3AA3 /* RealmModel.swift in Sources */,
				31E01D9D1E06B4E4009E3AA3 /* AppDelegate.swift in Sources */,
			);
			runOnlyForDeploymentPostprocessing = 0;
		};
/* End PBXSourcesBuildPhase section */

/* Begin PBXVariantGroup section */
		31E01DA01E06B4E4009E3AA3 /* Main.storyboard */ = {
			isa = PBXVariantGroup;
			children = (
				31E01DA11E06B4E4009E3AA3 /* Base */,
			);
			name = Main.storyboard;
			sourceTree = "<group>";
		};
		31E01DA51E06B4E4009E3AA3 /* LaunchScreen.storyboard */ = {
			isa = PBXVariantGroup;
			children = (
				31E01DA61E06B4E4009E3AA3 /* Base */,
			);
			name = LaunchScreen.storyboard;
			sourceTree = "<group>";
		};
/* End PBXVariantGroup section */

/* Begin XCBuildConfiguration section */
		31E01DA91E06B4E4009E3AA3 /* Debug */ = {
			isa = XCBuildConfiguration;
			buildSettings = {
				ALWAYS_SEARCH_USER_PATHS = NO;
				CLANG_ANALYZER_NONNULL = YES;
				CLANG_CXX_LANGUAGE_STANDARD = "gnu++0x";
				CLANG_CXX_LIBRARY = "libc++";
				CLANG_ENABLE_MODULES = YES;
				CLANG_ENABLE_OBJC_ARC = YES;
				CLANG_WARN_BOOL_CONVERSION = YES;
				CLANG_WARN_CONSTANT_CONVERSION = YES;
				CLANG_WARN_DIRECT_OBJC_ISA_USAGE = YES_ERROR;
				CLANG_WARN_DOCUMENTATION_COMMENTS = YES;
				CLANG_WARN_EMPTY_BODY = YES;
				CLANG_WARN_ENUM_CONVERSION = YES;
				CLANG_WARN_INFINITE_RECURSION = YES;
				CLANG_WARN_INT_CONVERSION = YES;
				CLANG_WARN_OBJC_ROOT_CLASS = YES_ERROR;
				CLANG_WARN_SUSPICIOUS_MOVES = YES;
				CLANG_WARN_UNREACHABLE_CODE = YES;
				CLANG_WARN__DUPLICATE_METHOD_MATCH = YES;
				"CODE_SIGN_IDENTITY[sdk=iphoneos*]" = "iPhone Developer";
				COPY_PHASE_STRIP = NO;
				DEBUG_INFORMATION_FORMAT = dwarf;
				ENABLE_STRICT_OBJC_MSGSEND = YES;
				ENABLE_TESTABILITY = YES;
				GCC_C_LANGUAGE_STANDARD = gnu99;
				GCC_DYNAMIC_NO_PIC = NO;
				GCC_NO_COMMON_BLOCKS = YES;
				GCC_OPTIMIZATION_LEVEL = 0;
				GCC_PREPROCESSOR_DEFINITIONS = (
					"DEBUG=1",
					"$(inherited)",
				);
				GCC_WARN_64_TO_32_BIT_CONVERSION = YES;
				GCC_WARN_ABOUT_RETURN_TYPE = YES_ERROR;
				GCC_WARN_UNDECLARED_SELECTOR = YES;
				GCC_WARN_UNINITIALIZED_AUTOS = YES_AGGRESSIVE;
				GCC_WARN_UNUSED_FUNCTION = YES;
				GCC_WARN_UNUSED_VARIABLE = YES;
				IPHONEOS_DEPLOYMENT_TARGET = 10.0;
				MTL_ENABLE_DEBUG_INFO = YES;
				ONLY_ACTIVE_ARCH = YES;
				SDKROOT = iphoneos;
				SWIFT_ACTIVE_COMPILATION_CONDITIONS = DEBUG;
				SWIFT_OPTIMIZATION_LEVEL = "-Onone";
			};
			name = Debug;
		};
		31E01DAA1E06B4E4009E3AA3 /* Release */ = {
			isa = XCBuildConfiguration;
			buildSettings = {
				ALWAYS_SEARCH_USER_PATHS = NO;
				CLANG_ANALYZER_NONNULL = YES;
				CLANG_CXX_LANGUAGE_STANDARD = "gnu++0x";
				CLANG_CXX_LIBRARY = "libc++";
				CLANG_ENABLE_MODULES = YES;
				CLANG_ENABLE_OBJC_ARC = YES;
				CLANG_WARN_BOOL_CONVERSION = YES;
				CLANG_WARN_CONSTANT_CONVERSION = YES;
				CLANG_WARN_DIRECT_OBJC_ISA_USAGE = YES_ERROR;
				CLANG_WARN_DOCUMENTATION_COMMENTS = YES;
				CLANG_WARN_EMPTY_BODY = YES;
				CLANG_WARN_ENUM_CONVERSION = YES;
				CLANG_WARN_INFINITE_RECURSION = YES;
				CLANG_WARN_INT_CONVERSION = YES;
				CLANG_WARN_OBJC_ROOT_CLASS = YES_ERROR;
				CLANG_WARN_SUSPICIOUS_MOVES = YES;
				CLANG_WARN_UNREACHABLE_CODE = YES;
				CLANG_WARN__DUPLICATE_METHOD_MATCH = YES;
				"CODE_SIGN_IDENTITY[sdk=iphoneos*]" = "iPhone Developer";
				COPY_PHASE_STRIP = NO;
				DEBUG_INFORMATION_FORMAT = "dwarf-with-dsym";
				ENABLE_NS_ASSERTIONS = NO;
				ENABLE_STRICT_OBJC_MSGSEND = YES;
				GCC_C_LANGUAGE_STANDARD = gnu99;
				GCC_NO_COMMON_BLOCKS = YES;
				GCC_WARN_64_TO_32_BIT_CONVERSION = YES;
				GCC_WARN_ABOUT_RETURN_TYPE = YES_ERROR;
				GCC_WARN_UNDECLARED_SELECTOR = YES;
				GCC_WARN_UNINITIALIZED_AUTOS = YES_AGGRESSIVE;
				GCC_WARN_UNUSED_FUNCTION = YES;
				GCC_WARN_UNUSED_VARIABLE = YES;
				IPHONEOS_DEPLOYMENT_TARGET = 10.0;
				MTL_ENABLE_DEBUG_INFO = NO;
				SDKROOT = iphoneos;
				SWIFT_OPTIMIZATION_LEVEL = "-Owholemodule";
				VALIDATE_PRODUCT = YES;
			};
			name = Release;
		};
		31E01DAC1E06B4E4009E3AA3 /* Debug */ = {
			isa = XCBuildConfiguration;
			baseConfigurationReference = 5690005F0F37A72A7D1CFDA6 /* Pods-RealmSample.debug.xcconfig */;
			buildSettings = {
				ASSETCATALOG_COMPILER_APPICON_NAME = AppIcon;
				DEVELOPMENT_TEAM = E7QTFM5U8V;
				INFOPLIST_FILE = RealmSample/Info.plist;
				LD_RUNPATH_SEARCH_PATHS = "$(inherited) @executable_path/Frameworks";
				PRODUCT_BUNDLE_IDENTIFIER = Luke.RealmSample;
				PRODUCT_NAME = "$(TARGET_NAME)";
				SWIFT_VERSION = 3.0;
			};
			name = Debug;
		};
		31E01DAD1E06B4E4009E3AA3 /* Release */ = {
			isa = XCBuildConfiguration;
			baseConfigurationReference = 35241CA3ED2BEA54F94039E2 /* Pods-RealmSample.release.xcconfig */;
			buildSettings = {
				ASSETCATALOG_COMPILER_APPICON_NAME = AppIcon;
				DEVELOPMENT_TEAM = E7QTFM5U8V;
				INFOPLIST_FILE = RealmSample/Info.plist;
				LD_RUNPATH_SEARCH_PATHS = "$(inherited) @executable_path/Frameworks";
				PRODUCT_BUNDLE_IDENTIFIER = Luke.RealmSample;
				PRODUCT_NAME = "$(TARGET_NAME)";
				SWIFT_VERSION = 3.0;
			};
			name = Release;
		};
/* End XCBuildConfiguration section */

/* Begin XCConfigurationList section */
		31E01D941E06B4E4009E3AA3 /* Build configuration list for PBXProject "RealmSample" */ = {
			isa = XCConfigurationList;
			buildConfigurations = (
				31E01DA91E06B4E4009E3AA3 /* Debug */,
				31E01DAA1E06B4E4009E3AA3 /* Release */,
			);
			defaultConfigurationIsVisible = 0;
			defaultConfigurationName = Release;
		};
		31E01DAB1E06B4E4009E3AA3 /* Build configuration list for PBXNativeTarget "RealmSample" */ = {
			isa = XCConfigurationList;
			buildConfigurations = (
				31E01DAC1E06B4E4009E3AA3 /* Debug */,
				31E01DAD1E06B4E4009E3AA3 /* Release */,
			);
			defaultConfigurationIsVisible = 0;
			defaultConfigurationName = Release;
		};
/* End XCConfigurationList section */
	};
	rootObject = 31E01D911E06B4E4009E3AA3 /* Project object */;
}
